
Microsoft Visual Studio Solution File, Format Version 12.00
# Visual Studio Version 16
VisualStudioVersion = 16.0.31702.278
MinimumVisualStudioVersion = 10.0.40219.1
Project("{9A19103F-16F7-4668-BE54-9A1E7A4F7556}") = "DeliVeggie.API", "DeliVeggie.API\DeliVeggie.API.csproj", "{EF9C88CE-1F76-47FB-895C-62B220DAF4A9}"
EndProject
Project("{9A19103F-16F7-4668-BE54-9A1E7A4F7556}") = "DeliVeggie.Domain", "DeliVeggie.Domain\DeliVeggie.Domain.csproj", "{A22FBAEC-7F5F-417A-BFCB-7BF7E27282A7}"
EndProject
Project("{9A19103F-16F7-4668-BE54-9A1E7A4F7556}") = "DeliVeggie.Processor", "DeliVeggie.Processor\DeliVeggie.Processor.csproj", "{4A1B4090-F6D6-4B85-BBD2-EFB5D5372854}"
EndProject
Project("{9A19103F-16F7-4668-BE54-9A1E7A4F7556}") = "DeliVeggie.ConsoleApp", "DeliVeggie.ConsoleApp\DeliVeggie.ConsoleApp.csproj", "{ED21A774-70F3-4A40-955D-8C837E405613}"
EndProject
Project("{9A19103F-16F7-4668-BE54-9A1E7A4F7556}") = "DeliVeggie.Repository", "DeliVeggie.Repository\DeliVeggie.Repository.csproj", "{F358BBD3-0B72-4A66-A3E5-6BD1A72F6A17}"
EndProject
Project("{E24C65DC-7377-472B-9ABA-BC803B73C61A}") = "DeliVeggie", "..\DeliVeggie\", "{8DA122E0-2F4C-4FEA-9CBE-8FA695949759}"
	ProjectSection(WebsiteProperties) = preProject
		TargetFrameworkMoniker = ".NETFramework,Version%3Dv4.0"
		Debug.AspNetCompiler.VirtualPath = "/localhost_58259"
		Debug.AspNetCompiler.PhysicalPath = "..\DeliVeggie\"
		Debug.AspNetCompiler.TargetPath = "PrecompiledWeb\localhost_58259\"
		Debug.AspNetCompiler.Updateable = "true"
		Debug.AspNetCompiler.ForceOverwrite = "true"
		Debug.AspNetCompiler.FixedNames = "false"
		Debug.AspNetCompiler.Debug = "True"
		Release.AspNetCompiler.VirtualPath = "/localhost_58259"
		Release.AspNetCompiler.PhysicalPath = "..\DeliVeggie\"
		Release.AspNetCompiler.TargetPath = "PrecompiledWeb\localhost_58259\"
		Release.AspNetCompiler.Updateable = "true"
		Release.AspNetCompiler.ForceOverwrite = "true"
		Release.AspNetCompiler.FixedNames = "false"
		Release.AspNetCompiler.Debug = "False"
		VWDPort = "58259"
	EndProjectSection
EndProject
Global
	GlobalSection(SolutionConfigurationPlatforms) = preSolution
		Debug|Any CPU = Debug|Any CPU
		Release|Any CPU = Release|Any CPU
	EndGlobalSection
	GlobalSection(ProjectConfigurationPlatforms) = postSolution
		{EF9C88CE-1F76-47FB-895C-62B220DAF4A9}.Debug|Any CPU.ActiveCfg = Debug|Any CPU
		{EF9C88CE-1F76-47FB-895C-62B220DAF4A9}.Debug|Any CPU.Build.0 = Debug|Any CPU
		{EF9C88CE-1F76-47FB-895C-62B220DAF4A9}.Release|Any CPU.ActiveCfg = Release|Any CPU
		{EF9C88CE-1F76-47FB-895C-62B220DAF4A9}.Release|Any CPU.Build.0 = Release|Any CPU
		{A22FBAEC-7F5F-417A-BFCB-7BF7E27282A7}.Debug|Any CPU.ActiveCfg = Debug|Any CPU
		{A22FBAEC-7F5F-417A-BFCB-7BF7E27282A7}.Debug|Any CPU.Build.0 = Debug|Any CPU
		{A22FBAEC-7F5F-417A-BFCB-7BF7E27282A7}.Release|Any CPU.ActiveCfg = Release|Any CPU
		{A22FBAEC-7F5F-417A-BFCB-7BF7E27282A7}.Release|Any CPU.Build.0 = Release|Any CPU
		{4A1B4090-F6D6-4B85-BBD2-EFB5D5372854}.Debug|Any CPU.ActiveCfg = Debug|Any CPU
		{4A1B4090-F6D6-4B85-BBD2-EFB5D5372854}.Debug|Any CPU.Build.0 = Debug|Any CPU
		{4A1B4090-F6D6-4B85-BBD2-EFB5D5372854}.Release|Any CPU.ActiveCfg = Release|Any CPU
		{4A1B4090-F6D6-4B85-BBD2-EFB5D5372854}.Release|Any CPU.Build.0 = Release|Any CPU
		{ED21A774-70F3-4A40-955D-8C837E405613}.Debug|Any CPU.ActiveCfg = Debug|Any CPU
		{ED21A774-70F3-4A40-955D-8C837E405613}.Debug|Any CPU.Build.0 = Debug|Any CPU
		{ED21A774-70F3-4A40-955D-8C837E405613}.Release|Any CPU.ActiveCfg = Release|Any CPU
		{ED21A774-70F3-4A40-955D-8C837E405613}.Release|Any CPU.Build.0 = Release|Any CPU
		{F358BBD3-0B72-4A66-A3E5-6BD1A72F6A17}.Debug|Any CPU.ActiveCfg = Debug|Any CPU
		{F358BBD3-0B72-4A66-A3E5-6BD1A72F6A17}.Debug|Any CPU.Build.0 = Debug|Any CPU
		{F358BBD3-0B72-4A66-A3E5-6BD1A72F6A17}.Release|Any CPU.ActiveCfg = Release|Any CPU
		{F358BBD3-0B72-4A66-A3E5-6BD1A72F6A17}.Release|Any CPU.Build.0 = Release|Any CPU
		{8DA122E0-2F4C-4FEA-9CBE-8FA695949759}.Debug|Any CPU.ActiveCfg = Debug|Any CPU
		{8DA122E0-2F4C-4FEA-9CBE-8FA695949759}.Debug|Any CPU.Build.0 = Debug|Any CPU
		{8DA122E0-2F4C-4FEA-9CBE-8FA695949759}.Release|Any CPU.ActiveCfg = Debug|Any CPU
		{8DA122E0-2F4C-4FEA-9CBE-8FA695949759}.Release|Any CPU.Build.0 = Debug|Any CPU
	EndGlobalSection
	GlobalSection(SolutionProperties) = preSolution
		HideSolutionNode = FALSE
	EndGlobalSection
	GlobalSection(ExtensibilityGlobals) = postSolution
		SolutionGuid = {1659BFF2-DB2C-43F6-BF28-FDCB0868164C}
	EndGlobalSection
EndGlobal
